PODS:
  - FCFileManager (1.0.20)
  - LYSandbox (0.1.0):
    - FCFileManager (~> 1.0.20)

DEPENDENCIES:
  - LYSandbox (from `../`)

SPEC REPOS:
  https://github.com/CocoaPods/Specs.git:
    - FCFileManager

EXTERNAL SOURCES:
  LYSandbox:
    :path: "../"

SPEC CHECKSUMS:
  FCFileManager: e0f73316e6aa2eb04d2ff4caa75fe7df1ae44270
  LYSandbox: 2d1618c085951d594ace707761bf44fe2bf1afc9

PODFILE CHECKSUM: f14a6138d06b4393299149e3477549f69400d8e6

COCOAPODS: 1.9.1
