PODS:
  - FCFileManager (1.0.20)
  - LYSandbox (0.1.0):
    - FCFileManager (~> 1.0.20)

DEPENDENCIES:
  - LYSandbox (from `../`)

SPEC REPOS:
  https://github.com/cocoapods/specs.git:
    - FCFileManager

EXTERNAL SOURCES:
  LYSandbox:
    :path: "../"

SPEC CHECKSUMS:
  FCFileManager: e0f73316e6aa2eb04d2ff4caa75fe7df1ae44270
  LYSandbox: f34843a817bb530c40254c197e2e6632e24d8837

PODFILE CHECKSUM: f14a6138d06b4393299149e3477549f69400d8e6

COCOAPODS: 1.5.3
